
Microsoft Visual Studio Solution File, Format Version 12.00
# Visual Studio Version 17
VisualStudioVersion = 17.10.35013.160
MinimumVisualStudioVersion = 10.0.40219.1
Project("{9A19103F-16F7-4668-BE54-9A1E7A4F7556}") = "RunnerWpf", "GeoWpf\RunnerWpf.csproj", "{DA471C6B-1D3B-4C4A-897D-EBFB1FF32231}"
EndProject
Global
	GlobalSection(SolutionConfigurationPlatforms) = preSolution
		Debug|Any CPU = Debug|Any CPU
		Release|Any CPU = Release|Any CPU
	EndGlobalSection
	GlobalSection(ProjectConfigurationPlatforms) = postSolution
		{DA471C6B-1D3B-4C4A-897D-EBFB1FF32231}.Debug|Any CPU.ActiveCfg = Debug|Any CPU
		{DA471C6B-1D3B-4C4A-897D-EBFB1FF32231}.Debug|Any CPU.Build.0 = Debug|Any CPU
		{DA471C6B-1D3B-4C4A-897D-EBFB1FF32231}.Release|Any CPU.ActiveCfg = Release|Any CPU
		{DA471C6B-1D3B-4C4A-897D-EBFB1FF32231}.Release|Any CPU.Build.0 = Release|Any CPU
	EndGlobalSection
	GlobalSection(SolutionProperties) = preSolution
		HideSolutionNode = FALSE
	EndGlobalSection
	GlobalSection(ExtensibilityGlobals) = postSolution
		SolutionGuid = {8E28A8BE-B2D0-4B5B-8CD2-D63EF442848D}
	EndGlobalSection
EndGlobal
